
Microsoft Visual Studio Solution File, Format Version 12.00
# Visual Studio Version 16
VisualStudioVersion = 16.0.28917.181
MinimumVisualStudioVersion = 10.0.40219.1
Project("{FAE04EC0-301F-11D3-BF4B-00C04F79EFBC}") = "FlavorFi.Common", "FlavorFi.Common\FlavorFi.Common.csproj", "{DB62E073-E9AE-4153-84EA-EEE77D8046C5}"
EndProject
Project("{FAE04EC0-301F-11D3-BF4B-00C04F79EFBC}") = "FlavorFi.Data", "FlavorFi.Data\FlavorFi.Data.csproj", "{A6BEA883-FE58-465E-8F8F-3F46859D52D9}"
EndProject
Project("{FAE04EC0-301F-11D3-BF4B-00C04F79EFBC}") = "FlavorFi.Services", "FlavorFi.Services\FlavorFi.Services.csproj", "{C13BC4C9-842A-4F98-82FF-7D6325FF99FB}"
EndProject
Project("{FAE04EC0-301F-11D3-BF4B-00C04F79EFBC}") = "FlavorFi.WebJob.DataSync", "FlavorFi.WebJob.DataSync\FlavorFi.WebJob.DataSync.csproj", "{C1B09535-7410-43FD-BA93-D23BF8422F9E}"
EndProject
Project("{FAE04EC0-301F-11D3-BF4B-00C04F79EFBC}") = "FlavorFi.Console", "FlavorFi.Console\FlavorFi.Console.csproj", "{1A65827F-1326-4CE2-8CD2-2969A7B2C80E}"
EndProject
Project("{2150E333-8FDC-42A3-9474-1A3956D46DE8}") = "Test", "Test", "{005526C9-8886-45EF-B4E1-119DE8699241}"
EndProject
Project("{FAE04EC0-301F-11D3-BF4B-00C04F79EFBC}") = "FlavorFi.Test.Servicess", "FlavorFi.Test.Services\FlavorFi.Test.Servicess.csproj", "{0B3214B3-3545-4067-B484-0D7F70BC2153}"
EndProject
Project("{2150E333-8FDC-42A3-9474-1A3956D46DE8}") = "Core", "Core", "{36F46519-66B1-4483-83C0-9C745A311A01}"
EndProject
Project("{2150E333-8FDC-42A3-9474-1A3956D46DE8}") = "Service", "Service", "{57326715-BEE8-45BD-955F-C77E28D4B265}"
EndProject
Project("{2150E333-8FDC-42A3-9474-1A3956D46DE8}") = "Data", "Data", "{FCD470C8-4799-4CE5-9B29-079AD2433430}"
EndProject
Project("{2150E333-8FDC-42A3-9474-1A3956D46DE8}") = "UI", "UI", "{243A113D-2A66-405C-AF37-9005D9BEE672}"
EndProject
Project("{2150E333-8FDC-42A3-9474-1A3956D46DE8}") = "API", "API", "{9D560310-7249-44B6-8CE6-71460FFE7347}"
EndProject
Project("{2150E333-8FDC-42A3-9474-1A3956D46DE8}") = "WebJobs", "WebJobs", "{7F7D8A90-1BB7-40BB-AE4E-BBBB9E03D380}"
EndProject
Project("{FAE04EC0-301F-11D3-BF4B-00C04F79EFBC}") = "FlavorFi.API.Shopify", "FlavorFi.API.Shopify\FlavorFi.API.Shopify.csproj", "{6BE1AC46-AE9E-4CD0-87B2-8CE4C8158729}"
EndProject
Project("{FAE04EC0-301F-11D3-BF4B-00C04F79EFBC}") = "FlavorFi.UI.Admin", "FlavorFi.UI.Admin\FlavorFi.UI.Admin.csproj", "{325218B0-1C63-4BF6-B988-55EF37E6BEBB}"
EndProject
Project("{FAE04EC0-301F-11D3-BF4B-00C04F79EFBC}") = "FlavorFi.API.Facebook", "FlavorFi.API.Facebook\FlavorFi.API.Facebook.csproj", "{4C165BD0-4681-42F7-9BBB-F7B402919E76}"
EndProject
Global
	GlobalSection(SolutionConfigurationPlatforms) = preSolution
		Debug|Any CPU = Debug|Any CPU
		Debug|x86 = Debug|x86
		Release|Any CPU = Release|Any CPU
		Release|x86 = Release|x86
	EndGlobalSection
	GlobalSection(ProjectConfigurationPlatforms) = postSolution
		{DB62E073-E9AE-4153-84EA-EEE77D8046C5}.Debug|Any CPU.ActiveCfg = Debug|Any CPU
		{DB62E073-E9AE-4153-84EA-EEE77D8046C5}.Debug|Any CPU.Build.0 = Debug|Any CPU
		{DB62E073-E9AE-4153-84EA-EEE77D8046C5}.Debug|x86.ActiveCfg = Debug|Any CPU
		{DB62E073-E9AE-4153-84EA-EEE77D8046C5}.Debug|x86.Build.0 = Debug|Any CPU
		{DB62E073-E9AE-4153-84EA-EEE77D8046C5}.Release|Any CPU.ActiveCfg = Release|Any CPU
		{DB62E073-E9AE-4153-84EA-EEE77D8046C5}.Release|Any CPU.Build.0 = Release|Any CPU
		{DB62E073-E9AE-4153-84EA-EEE77D8046C5}.Release|x86.ActiveCfg = Release|Any CPU
		{DB62E073-E9AE-4153-84EA-EEE77D8046C5}.Release|x86.Build.0 = Release|Any CPU
		{A6BEA883-FE58-465E-8F8F-3F46859D52D9}.Debug|Any CPU.ActiveCfg = Debug|Any CPU
		{A6BEA883-FE58-465E-8F8F-3F46859D52D9}.Debug|Any CPU.Build.0 = Debug|Any CPU
		{A6BEA883-FE58-465E-8F8F-3F46859D52D9}.Debug|x86.ActiveCfg = Debug|Any CPU
		{A6BEA883-FE58-465E-8F8F-3F46859D52D9}.Debug|x86.Build.0 = Debug|Any CPU
		{A6BEA883-FE58-465E-8F8F-3F46859D52D9}.Release|Any CPU.ActiveCfg = Release|Any CPU
		{A6BEA883-FE58-465E-8F8F-3F46859D52D9}.Release|Any CPU.Build.0 = Release|Any CPU
		{A6BEA883-FE58-465E-8F8F-3F46859D52D9}.Release|x86.ActiveCfg = Release|Any CPU
		{A6BEA883-FE58-465E-8F8F-3F46859D52D9}.Release|x86.Build.0 = Release|Any CPU
		{C13BC4C9-842A-4F98-82FF-7D6325FF99FB}.Debug|Any CPU.ActiveCfg = Debug|Any CPU
		{C13BC4C9-842A-4F98-82FF-7D6325FF99FB}.Debug|Any CPU.Build.0 = Debug|Any CPU
		{C13BC4C9-842A-4F98-82FF-7D6325FF99FB}.Debug|x86.ActiveCfg = Debug|Any CPU
		{C13BC4C9-842A-4F98-82FF-7D6325FF99FB}.Debug|x86.Build.0 = Debug|Any CPU
		{C13BC4C9-842A-4F98-82FF-7D6325FF99FB}.Release|Any CPU.ActiveCfg = Release|Any CPU
		{C13BC4C9-842A-4F98-82FF-7D6325FF99FB}.Release|Any CPU.Build.0 = Release|Any CPU
		{C13BC4C9-842A-4F98-82FF-7D6325FF99FB}.Release|x86.ActiveCfg = Release|Any CPU
		{C13BC4C9-842A-4F98-82FF-7D6325FF99FB}.Release|x86.Build.0 = Release|Any CPU
		{C1B09535-7410-43FD-BA93-D23BF8422F9E}.Debug|Any CPU.ActiveCfg = Debug|Any CPU
		{C1B09535-7410-43FD-BA93-D23BF8422F9E}.Debug|Any CPU.Build.0 = Debug|Any CPU
		{C1B09535-7410-43FD-BA93-D23BF8422F9E}.Debug|x86.ActiveCfg = Debug|Any CPU
		{C1B09535-7410-43FD-BA93-D23BF8422F9E}.Debug|x86.Build.0 = Debug|Any CPU
		{C1B09535-7410-43FD-BA93-D23BF8422F9E}.Release|Any CPU.ActiveCfg = Release|Any CPU
		{C1B09535-7410-43FD-BA93-D23BF8422F9E}.Release|Any CPU.Build.0 = Release|Any CPU
		{C1B09535-7410-43FD-BA93-D23BF8422F9E}.Release|x86.ActiveCfg = Release|Any CPU
		{C1B09535-7410-43FD-BA93-D23BF8422F9E}.Release|x86.Build.0 = Release|Any CPU
		{1A65827F-1326-4CE2-8CD2-2969A7B2C80E}.Debug|Any CPU.ActiveCfg = Debug|Any CPU
		{1A65827F-1326-4CE2-8CD2-2969A7B2C80E}.Debug|Any CPU.Build.0 = Debug|Any CPU
		{1A65827F-1326-4CE2-8CD2-2969A7B2C80E}.Debug|x86.ActiveCfg = Debug|Any CPU
		{1A65827F-1326-4CE2-8CD2-2969A7B2C80E}.Debug|x86.Build.0 = Debug|Any CPU
		{1A65827F-1326-4CE2-8CD2-2969A7B2C80E}.Release|Any CPU.ActiveCfg = Release|Any CPU
		{1A65827F-1326-4CE2-8CD2-2969A7B2C80E}.Release|Any CPU.Build.0 = Release|Any CPU
		{1A65827F-1326-4CE2-8CD2-2969A7B2C80E}.Release|x86.ActiveCfg = Release|Any CPU
		{1A65827F-1326-4CE2-8CD2-2969A7B2C80E}.Release|x86.Build.0 = Release|Any CPU
		{0B3214B3-3545-4067-B484-0D7F70BC2153}.Debug|Any CPU.ActiveCfg = Debug|Any CPU
		{0B3214B3-3545-4067-B484-0D7F70BC2153}.Debug|Any CPU.Build.0 = Debug|Any CPU
		{0B3214B3-3545-4067-B484-0D7F70BC2153}.Debug|x86.ActiveCfg = Debug|Any CPU
		{0B3214B3-3545-4067-B484-0D7F70BC2153}.Debug|x86.Build.0 = Debug|Any CPU
		{0B3214B3-3545-4067-B484-0D7F70BC2153}.Release|Any CPU.ActiveCfg = Release|Any CPU
		{0B3214B3-3545-4067-B484-0D7F70BC2153}.Release|Any CPU.Build.0 = Release|Any CPU
		{0B3214B3-3545-4067-B484-0D7F70BC2153}.Release|x86.ActiveCfg = Release|Any CPU
		{0B3214B3-3545-4067-B484-0D7F70BC2153}.Release|x86.Build.0 = Release|Any CPU
		{6BE1AC46-AE9E-4CD0-87B2-8CE4C8158729}.Debug|Any CPU.ActiveCfg = Debug|Any CPU
		{6BE1AC46-AE9E-4CD0-87B2-8CE4C8158729}.Debug|Any CPU.Build.0 = Debug|Any CPU
		{6BE1AC46-AE9E-4CD0-87B2-8CE4C8158729}.Debug|x86.ActiveCfg = Debug|Any CPU
		{6BE1AC46-AE9E-4CD0-87B2-8CE4C8158729}.Debug|x86.Build.0 = Debug|Any CPU
		{6BE1AC46-AE9E-4CD0-87B2-8CE4C8158729}.Release|Any CPU.ActiveCfg = Release|Any CPU
		{6BE1AC46-AE9E-4CD0-87B2-8CE4C8158729}.Release|Any CPU.Build.0 = Release|Any CPU
		{6BE1AC46-AE9E-4CD0-87B2-8CE4C8158729}.Release|x86.ActiveCfg = Release|Any CPU
		{6BE1AC46-AE9E-4CD0-87B2-8CE4C8158729}.Release|x86.Build.0 = Release|Any CPU
		{325218B0-1C63-4BF6-B988-55EF37E6BEBB}.Debug|Any CPU.ActiveCfg = Debug|Any CPU
		{325218B0-1C63-4BF6-B988-55EF37E6BEBB}.Debug|Any CPU.Build.0 = Debug|Any CPU
		{325218B0-1C63-4BF6-B988-55EF37E6BEBB}.Debug|x86.ActiveCfg = Debug|Any CPU
		{325218B0-1C63-4BF6-B988-55EF37E6BEBB}.Debug|x86.Build.0 = Debug|Any CPU
		{325218B0-1C63-4BF6-B988-55EF37E6BEBB}.Release|Any CPU.ActiveCfg = Release|Any CPU
		{325218B0-1C63-4BF6-B988-55EF37E6BEBB}.Release|Any CPU.Build.0 = Release|Any CPU
		{325218B0-1C63-4BF6-B988-55EF37E6BEBB}.Release|x86.ActiveCfg = Release|Any CPU
		{325218B0-1C63-4BF6-B988-55EF37E6BEBB}.Release|x86.Build.0 = Release|Any CPU
		{4C165BD0-4681-42F7-9BBB-F7B402919E76}.Debug|Any CPU.ActiveCfg = Debug|Any CPU
		{4C165BD0-4681-42F7-9BBB-F7B402919E76}.Debug|Any CPU.Build.0 = Debug|Any CPU
		{4C165BD0-4681-42F7-9BBB-F7B402919E76}.Debug|x86.ActiveCfg = Debug|Any CPU
		{4C165BD0-4681-42F7-9BBB-F7B402919E76}.Debug|x86.Build.0 = Debug|Any CPU
		{4C165BD0-4681-42F7-9BBB-F7B402919E76}.Release|Any CPU.ActiveCfg = Release|Any CPU
		{4C165BD0-4681-42F7-9BBB-F7B402919E76}.Release|Any CPU.Build.0 = Release|Any CPU
		{4C165BD0-4681-42F7-9BBB-F7B402919E76}.Release|x86.ActiveCfg = Release|Any CPU
		{4C165BD0-4681-42F7-9BBB-F7B402919E76}.Release|x86.Build.0 = Release|Any CPU
	EndGlobalSection
	GlobalSection(SolutionProperties) = preSolution
		HideSolutionNode = FALSE
	EndGlobalSection
	GlobalSection(NestedProjects) = preSolution
		{DB62E073-E9AE-4153-84EA-EEE77D8046C5} = {36F46519-66B1-4483-83C0-9C745A311A01}
		{A6BEA883-FE58-465E-8F8F-3F46859D52D9} = {FCD470C8-4799-4CE5-9B29-079AD2433430}
		{C13BC4C9-842A-4F98-82FF-7D6325FF99FB} = {57326715-BEE8-45BD-955F-C77E28D4B265}
		{C1B09535-7410-43FD-BA93-D23BF8422F9E} = {7F7D8A90-1BB7-40BB-AE4E-BBBB9E03D380}
		{1A65827F-1326-4CE2-8CD2-2969A7B2C80E} = {57326715-BEE8-45BD-955F-C77E28D4B265}
		{0B3214B3-3545-4067-B484-0D7F70BC2153} = {005526C9-8886-45EF-B4E1-119DE8699241}
		{6BE1AC46-AE9E-4CD0-87B2-8CE4C8158729} = {9D560310-7249-44B6-8CE6-71460FFE7347}
		{325218B0-1C63-4BF6-B988-55EF37E6BEBB} = {243A113D-2A66-405C-AF37-9005D9BEE672}
		{4C165BD0-4681-42F7-9BBB-F7B402919E76} = {9D560310-7249-44B6-8CE6-71460FFE7347}
	EndGlobalSection
	GlobalSection(ExtensibilityGlobals) = postSolution
		SolutionGuid = {D8624858-0F12-4ACD-B0AD-943189B86D6E}
	EndGlobalSection
EndGlobal
